
Microsoft Visual Studio Solution File, Format Version 12.00
# Visual Studio Version 17
VisualStudioVersion = 17.4.33205.214
MinimumVisualStudioVersion = 10.0.40219.1
Project("{FAE04EC0-301F-11D3-BF4B-00C04F79EFBC}") = "DaprPhoneBook", "DaprPhoneBook\DaprPhoneBook.csproj", "{D8B532B0-4EF7-4313-9E44-83F5EC997DDA}"
EndProject
Global
	GlobalSection(SolutionConfigurationPlatforms) = preSolution
		Debug|Any CPU = Debug|Any CPU
		Release|Any CPU = Release|Any CPU
	EndGlobalSection
	GlobalSection(ProjectConfigurationPlatforms) = postSolution
		{D8B532B0-4EF7-4313-9E44-83F5EC997DDA}.Debug|Any CPU.ActiveCfg = Debug|Any CPU
		{D8B532B0-4EF7-4313-9E44-83F5EC997DDA}.Debug|Any CPU.Build.0 = Debug|Any CPU
		{D8B532B0-4EF7-4313-9E44-83F5EC997DDA}.Release|Any CPU.ActiveCfg = Release|Any CPU
		{D8B532B0-4EF7-4313-9E44-83F5EC997DDA}.Release|Any CPU.Build.0 = Release|Any CPU
	EndGlobalSection
	GlobalSection(SolutionProperties) = preSolution
		HideSolutionNode = FALSE
	EndGlobalSection
	GlobalSection(ExtensibilityGlobals) = postSolution
		SolutionGuid = {94C5D546-1910-4076-AFCA-08186CC0F915}
	EndGlobalSection
EndGlobal
