
Microsoft Visual Studio Solution File, Format Version 12.00
# Visual Studio Version 17
VisualStudioVersion = 17.4.33205.214
MinimumVisualStudioVersion = 10.0.40219.1
Project("{9A19103F-16F7-4668-BE54-9A1E7A4F7556}") = "Accessor", "DaprPhoneBook\Accessor.csproj", "{D8B532B0-4EF7-4313-9E44-83F5EC997DDA}"
EndProject
Project("{9A19103F-16F7-4668-BE54-9A1E7A4F7556}") = "Manager", "Accessor\Manager.csproj", "{6A6CED1A-4ADA-46A3-A318-135913501FF5}"
EndProject
Project("{E53339B2-1760-4266-BCC7-CA923CBCF16C}") = "docker-compose", "docker-compose.dcproj", "{F6DAFC25-BC47-4939-A52F-1D60225925FC}"
EndProject
Global
	GlobalSection(SolutionConfigurationPlatforms) = preSolution
		Debug|Any CPU = Debug|Any CPU
		Release|Any CPU = Release|Any CPU
	EndGlobalSection
	GlobalSection(ProjectConfigurationPlatforms) = postSolution
		{D8B532B0-4EF7-4313-9E44-83F5EC997DDA}.Debug|Any CPU.ActiveCfg = Debug|Any CPU
		{D8B532B0-4EF7-4313-9E44-83F5EC997DDA}.Debug|Any CPU.Build.0 = Debug|Any CPU
		{D8B532B0-4EF7-4313-9E44-83F5EC997DDA}.Release|Any CPU.ActiveCfg = Release|Any CPU
		{D8B532B0-4EF7-4313-9E44-83F5EC997DDA}.Release|Any CPU.Build.0 = Release|Any CPU
		{6A6CED1A-4ADA-46A3-A318-135913501FF5}.Debug|Any CPU.ActiveCfg = Debug|Any CPU
		{6A6CED1A-4ADA-46A3-A318-135913501FF5}.Debug|Any CPU.Build.0 = Debug|Any CPU
		{6A6CED1A-4ADA-46A3-A318-135913501FF5}.Release|Any CPU.ActiveCfg = Release|Any CPU
		{6A6CED1A-4ADA-46A3-A318-135913501FF5}.Release|Any CPU.Build.0 = Release|Any CPU
		{F6DAFC25-BC47-4939-A52F-1D60225925FC}.Debug|Any CPU.ActiveCfg = Debug|Any CPU
		{F6DAFC25-BC47-4939-A52F-1D60225925FC}.Debug|Any CPU.Build.0 = Debug|Any CPU
		{F6DAFC25-BC47-4939-A52F-1D60225925FC}.Release|Any CPU.ActiveCfg = Release|Any CPU
		{F6DAFC25-BC47-4939-A52F-1D60225925FC}.Release|Any CPU.Build.0 = Release|Any CPU
	EndGlobalSection
	GlobalSection(SolutionProperties) = preSolution
		HideSolutionNode = FALSE
	EndGlobalSection
	GlobalSection(ExtensibilityGlobals) = postSolution
		SolutionGuid = {94C5D546-1910-4076-AFCA-08186CC0F915}
	EndGlobalSection
EndGlobal
